
Microsoft Visual Studio Solution File, Format Version 12.00
# Visual Studio 15
VisualStudioVersion = 15.0.26730.16
MinimumVisualStudioVersion = 10.0.40219.1
Project("{FAE04EC0-301F-11D3-BF4B-00C04F79EFBC}") = "MultiplierTestsLib", "MultiplierTestsLib\MultiplierTestsLib.csproj", "{D9D6D3E4-C947-4279-B287-BB7907775DF0}"
EndProject
Project("{FAE04EC0-301F-11D3-BF4B-00C04F79EFBC}") = "MultiplierLib", "MultiplierLib\MultiplierLib.csproj", "{8F3F4306-916B-41DD-838A-B17CF0277AF6}"
EndProject
Project("{FAE04EC0-301F-11D3-BF4B-00C04F79EFBC}") = "Demo_01", "Demo_01\Demo_01.csproj", "{D90FAB8A-A7F0-4446-A2D7-CF942D2B9330}"
EndProject
Project("{2150E333-8FDC-42A3-9474-1A3956D46DE8}") = "Solution Items", "Solution Items", "{1720C7E1-BD3B-496C-8209-DC2F5848A54E}"
	ProjectSection(SolutionItems) = preProject
		01-Introduktion.txt = 01-Introduktion.txt
		02-Datum, strängar och samlingar.txt = 02-Datum, strängar och samlingar.txt
		03-Klasser och objekt.txt = 03-Klasser och objekt.txt
		04-Refaktorering.txt = 04-Refaktorering.txt
		101-övning 1.txt = 101-övning 1.txt
		102-Ansvar.txt = 102-Ansvar.txt
		103-Bygga hus övning.txt = 103-Bygga hus övning.txt
		104-Enklare problemlösning.txt = 104-Enklare problemlösning.txt
		105-Regular expressions.txt = 105-Regular expressions.txt
		106-Rekursiv övning.txt = 106-Rekursiv övning.txt
		107-SIE import.txt = 107-SIE import.txt
	EndProjectSection
EndProject
Project("{FAE04EC0-301F-11D3-BF4B-00C04F79EFBC}") = "StoretellerTestsLib", "StoretellerTestsLib\StoretellerTestsLib.csproj", "{2D30CBFA-8045-4EA3-8151-2CF2AF669D0F}"
EndProject
Project("{FAE04EC0-301F-11D3-BF4B-00C04F79EFBC}") = "StoretellerLib", "StoretellerLib\StoretellerLib.csproj", "{6E7234B6-0D96-4ECE-AB3D-993CD7EEAF45}"
EndProject
Project("{FAE04EC0-301F-11D3-BF4B-00C04F79EFBC}") = "VarukorgTestsLib", "VarukorgTestsLib\VarukorgTestsLib.csproj", "{EEBD1370-1499-4469-9404-D3F64DAFAFCD}"
EndProject
Project("{2150E333-8FDC-42A3-9474-1A3956D46DE8}") = "2017-09-18", "2017-09-18", "{5C3C06D3-6C26-4838-BF49-27B5A5818157}"
EndProject
Project("{FAE04EC0-301F-11D3-BF4B-00C04F79EFBC}") = "VarukorgLib", "VarukorgLib\VarukorgLib.csproj", "{B6BA83E7-F4C8-482C-81FD-6A4DA75EC321}"
EndProject
Project("{FAE04EC0-301F-11D3-BF4B-00C04F79EFBC}") = "StorytellerWindowsApp", "StorytellerWindowsApp\StorytellerWindowsApp.csproj", "{0AE8A614-2CB8-43ED-AF58-92E9F740595E}"
EndProject
Project("{FAE04EC0-301F-11D3-BF4B-00C04F79EFBC}") = "CircusTestsLib", "CircusTestsLib\CircusTestsLib.csproj", "{9B69F070-0926-4B03-A173-6A5287143ED4}"
EndProject
Project("{FAE04EC0-301F-11D3-BF4B-00C04F79EFBC}") = "CircusLib", "CircusLib\CircusLib.csproj", "{1B1F0212-C5F0-4B9A-9CCF-9C9F83897B6C}"
EndProject
Project("{2150E333-8FDC-42A3-9474-1A3956D46DE8}") = "2017-09-20", "2017-09-20", "{40D046BE-36B9-4946-A2C9-1B2A4FA298F3}"
EndProject
Project("{FAE04EC0-301F-11D3-BF4B-00C04F79EFBC}") = "ExamTestsLib", "ExamTestsLib\ExamTestsLib.csproj", "{01E1ACEE-4EB3-41CD-940E-CB63CB838D26}"
EndProject
Project("{FAE04EC0-301F-11D3-BF4B-00C04F79EFBC}") = "ExamLib", "ExamLib\ExamLib.csproj", "{33083FBD-9585-4FBB-B9FF-48B18252F3A6}"
EndProject
Project("{FAE04EC0-301F-11D3-BF4B-00C04F79EFBC}") = "ExamWindowsApp", "ExamWindowsApp\ExamWindowsApp.csproj", "{CB8F83DE-E0EC-41A8-801D-FD90347C9A55}"
EndProject
Project("{2150E333-8FDC-42A3-9474-1A3956D46DE8}") = "GuessNumber", "GuessNumber", "{CF360AC1-D584-4D57-87E9-2FED3046F53F}"
EndProject
Project("{FAE04EC0-301F-11D3-BF4B-00C04F79EFBC}") = "GuessNumberTestsLib", "GuessNumberTestsLib\GuessNumberTestsLib.csproj", "{6DE49E40-D235-415F-BEC0-650D1BAB5191}"
EndProject
Project("{9A19103F-16F7-4668-BE54-9A1E7A4F7556}") = "GuessNumberLib", "GuessNumberLib\GuessNumberLib.csproj", "{6F28BFDE-1EDF-46CB-AAAD-73A39AC0CC69}"
EndProject
Project("{FAE04EC0-301F-11D3-BF4B-00C04F79EFBC}") = "GuessNumberGui", "GuessNumberGui\GuessNumberGui.csproj", "{A9B84644-185B-42ED-961D-9AFEB4F61ABE}"
EndProject
Project("{2150E333-8FDC-42A3-9474-1A3956D46DE8}") = "ThrowDices", "ThrowDices", "{2FA598B8-8405-4979-A311-A3BB58D63DE5}"
EndProject
Project("{FAE04EC0-301F-11D3-BF4B-00C04F79EFBC}") = "ThrowDicesLib", "ThrowDicesLib\ThrowDicesLib.csproj", "{81283EF5-D6E1-430A-A91E-89E57A8B3B54}"
EndProject
Project("{FAE04EC0-301F-11D3-BF4B-00C04F79EFBC}") = "ThrowDicesTestsLib", "ThrowDicesTestsLib\ThrowDicesTestsLib.csproj", "{987DC1DB-E6CF-4A51-B992-E19A634C1B71}"
EndProject
Project("{FAE04EC0-301F-11D3-BF4B-00C04F79EFBC}") = "ThrowDices", "ThrowDices\ThrowDices.csproj", "{0322FF90-E8B0-4BC9-9096-CA8F28F30E7E}"
EndProject
Project("{2150E333-8FDC-42A3-9474-1A3956D46DE8}") = "OOP", "OOP", "{75909AAF-D2FA-44BB-80EB-BFCE7F72083D}"
EndProject
Project("{FAE04EC0-301F-11D3-BF4B-00C04F79EFBC}") = "OOPConsoleApp", "OOPConsoleApp\OOPConsoleApp.csproj", "{27532A6C-0630-4C41-9E01-55862D356E43}"
EndProject
Project("{FAE04EC0-301F-11D3-BF4B-00C04F79EFBC}") = "CarBuilderApp", "CarBuilderApp\CarBuilderApp.csproj", "{5506F5C3-1DBA-4ABB-9005-8352C6236985}"
EndProject
Project("{9A19103F-16F7-4668-BE54-9A1E7A4F7556}") = "PartLib", "PartLib\PartLib.csproj", "{CC100496-D70E-473B-8DA3-F6569F55A313}"
EndProject
Project("{FAE04EC0-301F-11D3-BF4B-00C04F79EFBC}") = "PartTestsLib", "PartTestsLib\PartTestsLib.csproj", "{CA87FA43-9374-4E65-A453-79931BB37479}"
EndProject
Project("{FAE04EC0-301F-11D3-BF4B-00C04F79EFBC}") = "ExperimentApp", "ExperimentApp\ExperimentApp.csproj", "{798F0E4A-9487-47C0-986F-291FA6127C53}"
EndProject
Project("{FAE04EC0-301F-11D3-BF4B-00C04F79EFBC}") = "ByggahusApp", "ByggahusApp\ByggahusApp.csproj", "{2FF5BE21-3841-4E3E-8F05-89F23D444E0B}"
EndProject
Project("{FAE04EC0-301F-11D3-BF4B-00C04F79EFBC}") = "ByggaHusTests", "ByggaHusTests\ByggaHusTests.csproj", "{007AE095-01C8-40E6-921B-1F63716E8182}"
EndProject
Project("{9A19103F-16F7-4668-BE54-9A1E7A4F7556}") = "ByggaHusLib", "ByggaHusLib\ByggaHusLib.csproj", "{DC527498-FA4C-4ED2-BF24-7B3BA27BBF7D}"
EndProject
Project("{2150E333-8FDC-42A3-9474-1A3956D46DE8}") = "ConvertToUpperCase", "ConvertToUpperCase", "{A4F53536-CD5E-4732-B02E-6A99E4E5CD0E}"
EndProject
Project("{FAE04EC0-301F-11D3-BF4B-00C04F79EFBC}") = "ConvertToUpperCaseApp", "ConvertToUpperCaseApp\ConvertToUpperCaseApp.csproj", "{4FB1DC71-42B2-45CC-B8D8-11F74E2FE469}"
EndProject
Project("{2150E333-8FDC-42A3-9474-1A3956D46DE8}") = "AddTwoFilesToThird", "AddTwoFilesToThird", "{777BEB4E-75AF-49FC-AB47-3CDAF88168F7}"
EndProject
Project("{FAE04EC0-301F-11D3-BF4B-00C04F79EFBC}") = "AddTwoFilesToThirdApp", "AddTwoFilesToThirdApp\AddTwoFilesToThirdApp.csproj", "{6239DE9E-2EB2-423F-A317-B20D488072F6}"
EndProject
Project("{2150E333-8FDC-42A3-9474-1A3956D46DE8}") = "Slideshow", "Slideshow", "{A6B75CB3-F770-45C5-8CE1-E7E525A2BDB7}"
EndProject
Project("{FAE04EC0-301F-11D3-BF4B-00C04F79EFBC}") = "SlideshowApp", "SlideshowApp\SlideshowApp.csproj", "{21C6C3C6-8979-40EE-9F1F-32FDE5852D26}"
EndProject
Project("{2150E333-8FDC-42A3-9474-1A3956D46DE8}") = "Personnummer", "Personnummer", "{780709D2-AE57-4FF7-978A-87C470FFBBDA}"
EndProject
Project("{FAE04EC0-301F-11D3-BF4B-00C04F79EFBC}") = "PersonnummerLibTests", "PersonnummerLibTests\PersonnummerLibTests.csproj", "{8DB9342E-40A2-4553-A328-9A155FE2A4F2}"
EndProject
Project("{FAE04EC0-301F-11D3-BF4B-00C04F79EFBC}") = "PersonnummerLib", "PersonnummerLib\PersonnummerLib.csproj", "{F0D60091-6D28-4125-B459-AD161B4F59EC}"
EndProject
Project("{FAE04EC0-301F-11D3-BF4B-00C04F79EFBC}") = "PersonnummerApp", "PersonnummerApp\PersonnummerApp.csproj", "{112714FA-015B-4B52-9FC4-EF55EC26F3DF}"
EndProject
Project("{2150E333-8FDC-42A3-9474-1A3956D46DE8}") = "RegexProjects", "RegexProjects", "{89275E90-3C1A-4DE7-8BF9-7FA1D5A6556F}"
EndProject
Project("{FAE04EC0-301F-11D3-BF4B-00C04F79EFBC}") = "RegexTests", "RegexTests\RegexTests.csproj", "{9B7F11E3-0D86-4573-9AD2-1DCEAA25DB9A}"
EndProject
Project("{9A19103F-16F7-4668-BE54-9A1E7A4F7556}") = "EmployeeLib", "EmployeeLib\EmployeeLib.csproj", "{1C3131BB-9EDF-4059-88DA-CC53800077A6}"
EndProject
Project("{FAE04EC0-301F-11D3-BF4B-00C04F79EFBC}") = "EmployeeTestsLib", "EmployeeTestsLib\EmployeeTestsLib.csproj", "{C102BCED-CECC-4A7B-BB61-AFF91A2D2F40}"
EndProject
Project("{2150E333-8FDC-42A3-9474-1A3956D46DE8}") = "RecursiveAcccounts", "RecursiveAcccounts", "{0C967E15-28D8-4C62-AE1C-B40B114695EA}"
EndProject
Project("{FAE04EC0-301F-11D3-BF4B-00C04F79EFBC}") = "AccountTestsLib", "AccountTestsLib\AccountTestsLib.csproj", "{4B4B323A-2DB9-422B-934A-BF814F7865C9}"
EndProject
Project("{9A19103F-16F7-4668-BE54-9A1E7A4F7556}") = "AccountLib", "AccountLib\AccountLib.csproj", "{B0EA8B8D-FF17-41EB-A97F-4FE42FB219E5}"
EndProject
Project("{2150E333-8FDC-42A3-9474-1A3956D46DE8}") = "Utbildning", "Utbildning", "{9A33C66B-B8FD-4DA0-B736-A8833C31CF0C}"
EndProject
Project("{9A19103F-16F7-4668-BE54-9A1E7A4F7556}") = "UtbildningLib", "UtbildningLib\UtbildningLib.csproj", "{097F45AD-29B8-40EE-884D-D53FC97C06A7}"
EndProject
Project("{FAE04EC0-301F-11D3-BF4B-00C04F79EFBC}") = "UtbildningTestsLib", "UtbildningTestsLib\UtbildningTestsLib.csproj", "{5EC1434E-44A6-4565-A7D7-9F2EBCE7671A}"
EndProject
Project("{2150E333-8FDC-42A3-9474-1A3956D46DE8}") = "SIEImport", "SIEImport", "{39DCA00D-A6FC-4388-9D82-FAA42E36C748}"
EndProject
Project("{FAE04EC0-301F-11D3-BF4B-00C04F79EFBC}") = "SIEImportTests", "SIEImportTests\SIEImportTests.csproj", "{47092D98-85B9-476F-AEA4-D240F66E9E74}"
EndProject
Project("{FAE04EC0-301F-11D3-BF4B-00C04F79EFBC}") = "SIEAccountLib", "SIEAccountLib\SIEAccountLib.csproj", "{824E21CE-DF48-49D8-A741-3941EBA77384}"
EndProject
Project("{2150E333-8FDC-42A3-9474-1A3956D46DE8}") = "FileHashes", "FileHashes", "{64C57692-A978-441B-AC8C-4F13A29CEEC8}"
EndProject
Project("{FAE04EC0-301F-11D3-BF4B-00C04F79EFBC}") = "HashesTests", "HashesTests\HashesTests.csproj", "{3BC9FC05-CC5D-4758-8835-3A131406DBE4}"
EndProject
Project("{2150E333-8FDC-42A3-9474-1A3956D46DE8}") = "Calculator", "Calculator", "{7D915BDA-3B4E-4E56-9A78-EB4C924D90A3}"
EndProject
Project("{FAE04EC0-301F-11D3-BF4B-00C04F79EFBC}") = "CalculatorTestsLib", "CalculatorTestsLib\CalculatorTestsLib.csproj", "{7F356791-4532-4AC4-B9A1-0B97F9192279}"
EndProject
Project("{FAE04EC0-301F-11D3-BF4B-00C04F79EFBC}") = "CalculatorLib", "CalculatorLib\CalculatorLib.csproj", "{C7FFBF44-D5F3-4320-B56B-4BFC29D35848}"
EndProject
Project("{FAE04EC0-301F-11D3-BF4B-00C04F79EFBC}") = "CalculatorWinApp", "CalculatorWinApp\CalculatorWinApp.csproj", "{162621F9-9351-4EC2-A207-23587487C7F3}"
EndProject
Global
	GlobalSection(SolutionConfigurationPlatforms) = preSolution
		Debug|Any CPU = Debug|Any CPU
		Release|Any CPU = Release|Any CPU
	EndGlobalSection
	GlobalSection(ProjectConfigurationPlatforms) = postSolution
		{D9D6D3E4-C947-4279-B287-BB7907775DF0}.Debug|Any CPU.ActiveCfg = Debug|Any CPU
		{D9D6D3E4-C947-4279-B287-BB7907775DF0}.Debug|Any CPU.Build.0 = Debug|Any CPU
		{D9D6D3E4-C947-4279-B287-BB7907775DF0}.Release|Any CPU.ActiveCfg = Release|Any CPU
		{D9D6D3E4-C947-4279-B287-BB7907775DF0}.Release|Any CPU.Build.0 = Release|Any CPU
		{8F3F4306-916B-41DD-838A-B17CF0277AF6}.Debug|Any CPU.ActiveCfg = Debug|Any CPU
		{8F3F4306-916B-41DD-838A-B17CF0277AF6}.Debug|Any CPU.Build.0 = Debug|Any CPU
		{8F3F4306-916B-41DD-838A-B17CF0277AF6}.Release|Any CPU.ActiveCfg = Release|Any CPU
		{8F3F4306-916B-41DD-838A-B17CF0277AF6}.Release|Any CPU.Build.0 = Release|Any CPU
		{D90FAB8A-A7F0-4446-A2D7-CF942D2B9330}.Debug|Any CPU.ActiveCfg = Debug|Any CPU
		{D90FAB8A-A7F0-4446-A2D7-CF942D2B9330}.Debug|Any CPU.Build.0 = Debug|Any CPU
		{D90FAB8A-A7F0-4446-A2D7-CF942D2B9330}.Release|Any CPU.ActiveCfg = Release|Any CPU
		{D90FAB8A-A7F0-4446-A2D7-CF942D2B9330}.Release|Any CPU.Build.0 = Release|Any CPU
		{2D30CBFA-8045-4EA3-8151-2CF2AF669D0F}.Debug|Any CPU.ActiveCfg = Debug|Any CPU
		{2D30CBFA-8045-4EA3-8151-2CF2AF669D0F}.Debug|Any CPU.Build.0 = Debug|Any CPU
		{2D30CBFA-8045-4EA3-8151-2CF2AF669D0F}.Release|Any CPU.ActiveCfg = Release|Any CPU
		{2D30CBFA-8045-4EA3-8151-2CF2AF669D0F}.Release|Any CPU.Build.0 = Release|Any CPU
		{6E7234B6-0D96-4ECE-AB3D-993CD7EEAF45}.Debug|Any CPU.ActiveCfg = Debug|Any CPU
		{6E7234B6-0D96-4ECE-AB3D-993CD7EEAF45}.Debug|Any CPU.Build.0 = Debug|Any CPU
		{6E7234B6-0D96-4ECE-AB3D-993CD7EEAF45}.Release|Any CPU.ActiveCfg = Release|Any CPU
		{6E7234B6-0D96-4ECE-AB3D-993CD7EEAF45}.Release|Any CPU.Build.0 = Release|Any CPU
		{EEBD1370-1499-4469-9404-D3F64DAFAFCD}.Debug|Any CPU.ActiveCfg = Debug|Any CPU
		{EEBD1370-1499-4469-9404-D3F64DAFAFCD}.Debug|Any CPU.Build.0 = Debug|Any CPU
		{EEBD1370-1499-4469-9404-D3F64DAFAFCD}.Release|Any CPU.ActiveCfg = Release|Any CPU
		{EEBD1370-1499-4469-9404-D3F64DAFAFCD}.Release|Any CPU.Build.0 = Release|Any CPU
		{B6BA83E7-F4C8-482C-81FD-6A4DA75EC321}.Debug|Any CPU.ActiveCfg = Debug|Any CPU
		{B6BA83E7-F4C8-482C-81FD-6A4DA75EC321}.Debug|Any CPU.Build.0 = Debug|Any CPU
		{B6BA83E7-F4C8-482C-81FD-6A4DA75EC321}.Release|Any CPU.ActiveCfg = Release|Any CPU
		{B6BA83E7-F4C8-482C-81FD-6A4DA75EC321}.Release|Any CPU.Build.0 = Release|Any CPU
		{0AE8A614-2CB8-43ED-AF58-92E9F740595E}.Debug|Any CPU.ActiveCfg = Debug|Any CPU
		{0AE8A614-2CB8-43ED-AF58-92E9F740595E}.Debug|Any CPU.Build.0 = Debug|Any CPU
		{0AE8A614-2CB8-43ED-AF58-92E9F740595E}.Release|Any CPU.ActiveCfg = Release|Any CPU
		{0AE8A614-2CB8-43ED-AF58-92E9F740595E}.Release|Any CPU.Build.0 = Release|Any CPU
		{9B69F070-0926-4B03-A173-6A5287143ED4}.Debug|Any CPU.ActiveCfg = Debug|Any CPU
		{9B69F070-0926-4B03-A173-6A5287143ED4}.Debug|Any CPU.Build.0 = Debug|Any CPU
		{9B69F070-0926-4B03-A173-6A5287143ED4}.Release|Any CPU.ActiveCfg = Release|Any CPU
		{9B69F070-0926-4B03-A173-6A5287143ED4}.Release|Any CPU.Build.0 = Release|Any CPU
		{1B1F0212-C5F0-4B9A-9CCF-9C9F83897B6C}.Debug|Any CPU.ActiveCfg = Debug|Any CPU
		{1B1F0212-C5F0-4B9A-9CCF-9C9F83897B6C}.Debug|Any CPU.Build.0 = Debug|Any CPU
		{1B1F0212-C5F0-4B9A-9CCF-9C9F83897B6C}.Release|Any CPU.ActiveCfg = Release|Any CPU
		{1B1F0212-C5F0-4B9A-9CCF-9C9F83897B6C}.Release|Any CPU.Build.0 = Release|Any CPU
		{01E1ACEE-4EB3-41CD-940E-CB63CB838D26}.Debug|Any CPU.ActiveCfg = Debug|Any CPU
		{01E1ACEE-4EB3-41CD-940E-CB63CB838D26}.Debug|Any CPU.Build.0 = Debug|Any CPU
		{01E1ACEE-4EB3-41CD-940E-CB63CB838D26}.Release|Any CPU.ActiveCfg = Release|Any CPU
		{01E1ACEE-4EB3-41CD-940E-CB63CB838D26}.Release|Any CPU.Build.0 = Release|Any CPU
		{33083FBD-9585-4FBB-B9FF-48B18252F3A6}.Debug|Any CPU.ActiveCfg = Debug|Any CPU
		{33083FBD-9585-4FBB-B9FF-48B18252F3A6}.Debug|Any CPU.Build.0 = Debug|Any CPU
		{33083FBD-9585-4FBB-B9FF-48B18252F3A6}.Release|Any CPU.ActiveCfg = Release|Any CPU
		{33083FBD-9585-4FBB-B9FF-48B18252F3A6}.Release|Any CPU.Build.0 = Release|Any CPU
		{CB8F83DE-E0EC-41A8-801D-FD90347C9A55}.Debug|Any CPU.ActiveCfg = Debug|Any CPU
		{CB8F83DE-E0EC-41A8-801D-FD90347C9A55}.Debug|Any CPU.Build.0 = Debug|Any CPU
		{CB8F83DE-E0EC-41A8-801D-FD90347C9A55}.Release|Any CPU.ActiveCfg = Release|Any CPU
		{CB8F83DE-E0EC-41A8-801D-FD90347C9A55}.Release|Any CPU.Build.0 = Release|Any CPU
		{6DE49E40-D235-415F-BEC0-650D1BAB5191}.Debug|Any CPU.ActiveCfg = Debug|Any CPU
		{6DE49E40-D235-415F-BEC0-650D1BAB5191}.Debug|Any CPU.Build.0 = Debug|Any CPU
		{6DE49E40-D235-415F-BEC0-650D1BAB5191}.Release|Any CPU.ActiveCfg = Release|Any CPU
		{6DE49E40-D235-415F-BEC0-650D1BAB5191}.Release|Any CPU.Build.0 = Release|Any CPU
		{6F28BFDE-1EDF-46CB-AAAD-73A39AC0CC69}.Debug|Any CPU.ActiveCfg = Debug|Any CPU
		{6F28BFDE-1EDF-46CB-AAAD-73A39AC0CC69}.Debug|Any CPU.Build.0 = Debug|Any CPU
		{6F28BFDE-1EDF-46CB-AAAD-73A39AC0CC69}.Release|Any CPU.ActiveCfg = Release|Any CPU
		{6F28BFDE-1EDF-46CB-AAAD-73A39AC0CC69}.Release|Any CPU.Build.0 = Release|Any CPU
		{A9B84644-185B-42ED-961D-9AFEB4F61ABE}.Debug|Any CPU.ActiveCfg = Debug|Any CPU
		{A9B84644-185B-42ED-961D-9AFEB4F61ABE}.Debug|Any CPU.Build.0 = Debug|Any CPU
		{A9B84644-185B-42ED-961D-9AFEB4F61ABE}.Release|Any CPU.ActiveCfg = Release|Any CPU
		{A9B84644-185B-42ED-961D-9AFEB4F61ABE}.Release|Any CPU.Build.0 = Release|Any CPU
		{81283EF5-D6E1-430A-A91E-89E57A8B3B54}.Debug|Any CPU.ActiveCfg = Debug|Any CPU
		{81283EF5-D6E1-430A-A91E-89E57A8B3B54}.Debug|Any CPU.Build.0 = Debug|Any CPU
		{81283EF5-D6E1-430A-A91E-89E57A8B3B54}.Release|Any CPU.ActiveCfg = Release|Any CPU
		{81283EF5-D6E1-430A-A91E-89E57A8B3B54}.Release|Any CPU.Build.0 = Release|Any CPU
		{987DC1DB-E6CF-4A51-B992-E19A634C1B71}.Debug|Any CPU.ActiveCfg = Debug|Any CPU
		{987DC1DB-E6CF-4A51-B992-E19A634C1B71}.Debug|Any CPU.Build.0 = Debug|Any CPU
		{987DC1DB-E6CF-4A51-B992-E19A634C1B71}.Release|Any CPU.ActiveCfg = Release|Any CPU
		{987DC1DB-E6CF-4A51-B992-E19A634C1B71}.Release|Any CPU.Build.0 = Release|Any CPU
		{0322FF90-E8B0-4BC9-9096-CA8F28F30E7E}.Debug|Any CPU.ActiveCfg = Debug|Any CPU
		{0322FF90-E8B0-4BC9-9096-CA8F28F30E7E}.Debug|Any CPU.Build.0 = Debug|Any CPU
		{0322FF90-E8B0-4BC9-9096-CA8F28F30E7E}.Release|Any CPU.ActiveCfg = Release|Any CPU
		{0322FF90-E8B0-4BC9-9096-CA8F28F30E7E}.Release|Any CPU.Build.0 = Release|Any CPU
		{27532A6C-0630-4C41-9E01-55862D356E43}.Debug|Any CPU.ActiveCfg = Debug|Any CPU
		{27532A6C-0630-4C41-9E01-55862D356E43}.Debug|Any CPU.Build.0 = Debug|Any CPU
		{27532A6C-0630-4C41-9E01-55862D356E43}.Release|Any CPU.ActiveCfg = Release|Any CPU
		{27532A6C-0630-4C41-9E01-55862D356E43}.Release|Any CPU.Build.0 = Release|Any CPU
		{5506F5C3-1DBA-4ABB-9005-8352C6236985}.Debug|Any CPU.ActiveCfg = Debug|Any CPU
		{5506F5C3-1DBA-4ABB-9005-8352C6236985}.Debug|Any CPU.Build.0 = Debug|Any CPU
		{5506F5C3-1DBA-4ABB-9005-8352C6236985}.Release|Any CPU.ActiveCfg = Release|Any CPU
		{5506F5C3-1DBA-4ABB-9005-8352C6236985}.Release|Any CPU.Build.0 = Release|Any CPU
		{CC100496-D70E-473B-8DA3-F6569F55A313}.Debug|Any CPU.ActiveCfg = Debug|Any CPU
		{CC100496-D70E-473B-8DA3-F6569F55A313}.Debug|Any CPU.Build.0 = Debug|Any CPU
		{CC100496-D70E-473B-8DA3-F6569F55A313}.Release|Any CPU.ActiveCfg = Release|Any CPU
		{CC100496-D70E-473B-8DA3-F6569F55A313}.Release|Any CPU.Build.0 = Release|Any CPU
		{CA87FA43-9374-4E65-A453-79931BB37479}.Debug|Any CPU.ActiveCfg = Debug|Any CPU
		{CA87FA43-9374-4E65-A453-79931BB37479}.Debug|Any CPU.Build.0 = Debug|Any CPU
		{CA87FA43-9374-4E65-A453-79931BB37479}.Release|Any CPU.ActiveCfg = Release|Any CPU
		{CA87FA43-9374-4E65-A453-79931BB37479}.Release|Any CPU.Build.0 = Release|Any CPU
		{798F0E4A-9487-47C0-986F-291FA6127C53}.Debug|Any CPU.ActiveCfg = Debug|Any CPU
		{798F0E4A-9487-47C0-986F-291FA6127C53}.Debug|Any CPU.Build.0 = Debug|Any CPU
		{798F0E4A-9487-47C0-986F-291FA6127C53}.Release|Any CPU.ActiveCfg = Release|Any CPU
		{798F0E4A-9487-47C0-986F-291FA6127C53}.Release|Any CPU.Build.0 = Release|Any CPU
		{2FF5BE21-3841-4E3E-8F05-89F23D444E0B}.Debug|Any CPU.ActiveCfg = Debug|Any CPU
		{2FF5BE21-3841-4E3E-8F05-89F23D444E0B}.Debug|Any CPU.Build.0 = Debug|Any CPU
		{2FF5BE21-3841-4E3E-8F05-89F23D444E0B}.Release|Any CPU.ActiveCfg = Release|Any CPU
		{2FF5BE21-3841-4E3E-8F05-89F23D444E0B}.Release|Any CPU.Build.0 = Release|Any CPU
		{007AE095-01C8-40E6-921B-1F63716E8182}.Debug|Any CPU.ActiveCfg = Debug|Any CPU
		{007AE095-01C8-40E6-921B-1F63716E8182}.Debug|Any CPU.Build.0 = Debug|Any CPU
		{007AE095-01C8-40E6-921B-1F63716E8182}.Release|Any CPU.ActiveCfg = Release|Any CPU
		{007AE095-01C8-40E6-921B-1F63716E8182}.Release|Any CPU.Build.0 = Release|Any CPU
		{DC527498-FA4C-4ED2-BF24-7B3BA27BBF7D}.Debug|Any CPU.ActiveCfg = Debug|Any CPU
		{DC527498-FA4C-4ED2-BF24-7B3BA27BBF7D}.Debug|Any CPU.Build.0 = Debug|Any CPU
		{DC527498-FA4C-4ED2-BF24-7B3BA27BBF7D}.Release|Any CPU.ActiveCfg = Release|Any CPU
		{DC527498-FA4C-4ED2-BF24-7B3BA27BBF7D}.Release|Any CPU.Build.0 = Release|Any CPU
		{4FB1DC71-42B2-45CC-B8D8-11F74E2FE469}.Debug|Any CPU.ActiveCfg = Debug|Any CPU
		{4FB1DC71-42B2-45CC-B8D8-11F74E2FE469}.Debug|Any CPU.Build.0 = Debug|Any CPU
		{4FB1DC71-42B2-45CC-B8D8-11F74E2FE469}.Release|Any CPU.ActiveCfg = Release|Any CPU
		{4FB1DC71-42B2-45CC-B8D8-11F74E2FE469}.Release|Any CPU.Build.0 = Release|Any CPU
		{6239DE9E-2EB2-423F-A317-B20D488072F6}.Debug|Any CPU.ActiveCfg = Debug|Any CPU
		{6239DE9E-2EB2-423F-A317-B20D488072F6}.Debug|Any CPU.Build.0 = Debug|Any CPU
		{6239DE9E-2EB2-423F-A317-B20D488072F6}.Release|Any CPU.ActiveCfg = Release|Any CPU
		{6239DE9E-2EB2-423F-A317-B20D488072F6}.Release|Any CPU.Build.0 = Release|Any CPU
		{21C6C3C6-8979-40EE-9F1F-32FDE5852D26}.Debug|Any CPU.ActiveCfg = Debug|Any CPU
		{21C6C3C6-8979-40EE-9F1F-32FDE5852D26}.Debug|Any CPU.Build.0 = Debug|Any CPU
		{21C6C3C6-8979-40EE-9F1F-32FDE5852D26}.Release|Any CPU.ActiveCfg = Release|Any CPU
		{21C6C3C6-8979-40EE-9F1F-32FDE5852D26}.Release|Any CPU.Build.0 = Release|Any CPU
		{8DB9342E-40A2-4553-A328-9A155FE2A4F2}.Debug|Any CPU.ActiveCfg = Debug|Any CPU
		{8DB9342E-40A2-4553-A328-9A155FE2A4F2}.Debug|Any CPU.Build.0 = Debug|Any CPU
		{8DB9342E-40A2-4553-A328-9A155FE2A4F2}.Release|Any CPU.ActiveCfg = Release|Any CPU
		{8DB9342E-40A2-4553-A328-9A155FE2A4F2}.Release|Any CPU.Build.0 = Release|Any CPU
		{F0D60091-6D28-4125-B459-AD161B4F59EC}.Debug|Any CPU.ActiveCfg = Debug|Any CPU
		{F0D60091-6D28-4125-B459-AD161B4F59EC}.Debug|Any CPU.Build.0 = Debug|Any CPU
		{F0D60091-6D28-4125-B459-AD161B4F59EC}.Release|Any CPU.ActiveCfg = Release|Any CPU
		{F0D60091-6D28-4125-B459-AD161B4F59EC}.Release|Any CPU.Build.0 = Release|Any CPU
		{112714FA-015B-4B52-9FC4-EF55EC26F3DF}.Debug|Any CPU.ActiveCfg = Debug|Any CPU
		{112714FA-015B-4B52-9FC4-EF55EC26F3DF}.Debug|Any CPU.Build.0 = Debug|Any CPU
		{112714FA-015B-4B52-9FC4-EF55EC26F3DF}.Release|Any CPU.ActiveCfg = Release|Any CPU
		{112714FA-015B-4B52-9FC4-EF55EC26F3DF}.Release|Any CPU.Build.0 = Release|Any CPU
		{9B7F11E3-0D86-4573-9AD2-1DCEAA25DB9A}.Debug|Any CPU.ActiveCfg = Debug|Any CPU
		{9B7F11E3-0D86-4573-9AD2-1DCEAA25DB9A}.Debug|Any CPU.Build.0 = Debug|Any CPU
		{9B7F11E3-0D86-4573-9AD2-1DCEAA25DB9A}.Release|Any CPU.ActiveCfg = Release|Any CPU
		{9B7F11E3-0D86-4573-9AD2-1DCEAA25DB9A}.Release|Any CPU.Build.0 = Release|Any CPU
		{1C3131BB-9EDF-4059-88DA-CC53800077A6}.Debug|Any CPU.ActiveCfg = Debug|Any CPU
		{1C3131BB-9EDF-4059-88DA-CC53800077A6}.Debug|Any CPU.Build.0 = Debug|Any CPU
		{1C3131BB-9EDF-4059-88DA-CC53800077A6}.Release|Any CPU.ActiveCfg = Release|Any CPU
		{1C3131BB-9EDF-4059-88DA-CC53800077A6}.Release|Any CPU.Build.0 = Release|Any CPU
		{C102BCED-CECC-4A7B-BB61-AFF91A2D2F40}.Debug|Any CPU.ActiveCfg = Debug|Any CPU
		{C102BCED-CECC-4A7B-BB61-AFF91A2D2F40}.Debug|Any CPU.Build.0 = Debug|Any CPU
		{C102BCED-CECC-4A7B-BB61-AFF91A2D2F40}.Release|Any CPU.ActiveCfg = Release|Any CPU
		{C102BCED-CECC-4A7B-BB61-AFF91A2D2F40}.Release|Any CPU.Build.0 = Release|Any CPU
		{4B4B323A-2DB9-422B-934A-BF814F7865C9}.Debug|Any CPU.ActiveCfg = Debug|Any CPU
		{4B4B323A-2DB9-422B-934A-BF814F7865C9}.Debug|Any CPU.Build.0 = Debug|Any CPU
		{4B4B323A-2DB9-422B-934A-BF814F7865C9}.Release|Any CPU.ActiveCfg = Release|Any CPU
		{4B4B323A-2DB9-422B-934A-BF814F7865C9}.Release|Any CPU.Build.0 = Release|Any CPU
		{B0EA8B8D-FF17-41EB-A97F-4FE42FB219E5}.Debug|Any CPU.ActiveCfg = Debug|Any CPU
		{B0EA8B8D-FF17-41EB-A97F-4FE42FB219E5}.Debug|Any CPU.Build.0 = Debug|Any CPU
		{B0EA8B8D-FF17-41EB-A97F-4FE42FB219E5}.Release|Any CPU.ActiveCfg = Release|Any CPU
		{B0EA8B8D-FF17-41EB-A97F-4FE42FB219E5}.Release|Any CPU.Build.0 = Release|Any CPU
		{097F45AD-29B8-40EE-884D-D53FC97C06A7}.Debug|Any CPU.ActiveCfg = Debug|Any CPU
		{097F45AD-29B8-40EE-884D-D53FC97C06A7}.Debug|Any CPU.Build.0 = Debug|Any CPU
		{097F45AD-29B8-40EE-884D-D53FC97C06A7}.Release|Any CPU.ActiveCfg = Release|Any CPU
		{097F45AD-29B8-40EE-884D-D53FC97C06A7}.Release|Any CPU.Build.0 = Release|Any CPU
		{5EC1434E-44A6-4565-A7D7-9F2EBCE7671A}.Debug|Any CPU.ActiveCfg = Debug|Any CPU
		{5EC1434E-44A6-4565-A7D7-9F2EBCE7671A}.Debug|Any CPU.Build.0 = Debug|Any CPU
		{5EC1434E-44A6-4565-A7D7-9F2EBCE7671A}.Release|Any CPU.ActiveCfg = Release|Any CPU
		{5EC1434E-44A6-4565-A7D7-9F2EBCE7671A}.Release|Any CPU.Build.0 = Release|Any CPU
		{47092D98-85B9-476F-AEA4-D240F66E9E74}.Debug|Any CPU.ActiveCfg = Debug|Any CPU
		{47092D98-85B9-476F-AEA4-D240F66E9E74}.Debug|Any CPU.Build.0 = Debug|Any CPU
		{47092D98-85B9-476F-AEA4-D240F66E9E74}.Release|Any CPU.ActiveCfg = Release|Any CPU
		{47092D98-85B9-476F-AEA4-D240F66E9E74}.Release|Any CPU.Build.0 = Release|Any CPU
		{824E21CE-DF48-49D8-A741-3941EBA77384}.Debug|Any CPU.ActiveCfg = Debug|Any CPU
		{824E21CE-DF48-49D8-A741-3941EBA77384}.Debug|Any CPU.Build.0 = Debug|Any CPU
		{824E21CE-DF48-49D8-A741-3941EBA77384}.Release|Any CPU.ActiveCfg = Release|Any CPU
		{824E21CE-DF48-49D8-A741-3941EBA77384}.Release|Any CPU.Build.0 = Release|Any CPU
		{3BC9FC05-CC5D-4758-8835-3A131406DBE4}.Debug|Any CPU.ActiveCfg = Debug|Any CPU
		{3BC9FC05-CC5D-4758-8835-3A131406DBE4}.Debug|Any CPU.Build.0 = Debug|Any CPU
		{3BC9FC05-CC5D-4758-8835-3A131406DBE4}.Release|Any CPU.ActiveCfg = Release|Any CPU
		{3BC9FC05-CC5D-4758-8835-3A131406DBE4}.Release|Any CPU.Build.0 = Release|Any CPU
		{7F356791-4532-4AC4-B9A1-0B97F9192279}.Debug|Any CPU.ActiveCfg = Debug|Any CPU
		{7F356791-4532-4AC4-B9A1-0B97F9192279}.Debug|Any CPU.Build.0 = Debug|Any CPU
		{7F356791-4532-4AC4-B9A1-0B97F9192279}.Release|Any CPU.ActiveCfg = Release|Any CPU
		{7F356791-4532-4AC4-B9A1-0B97F9192279}.Release|Any CPU.Build.0 = Release|Any CPU
		{C7FFBF44-D5F3-4320-B56B-4BFC29D35848}.Debug|Any CPU.ActiveCfg = Debug|Any CPU
		{C7FFBF44-D5F3-4320-B56B-4BFC29D35848}.Debug|Any CPU.Build.0 = Debug|Any CPU
		{C7FFBF44-D5F3-4320-B56B-4BFC29D35848}.Release|Any CPU.ActiveCfg = Release|Any CPU
		{C7FFBF44-D5F3-4320-B56B-4BFC29D35848}.Release|Any CPU.Build.0 = Release|Any CPU
		{162621F9-9351-4EC2-A207-23587487C7F3}.Debug|Any CPU.ActiveCfg = Debug|Any CPU
		{162621F9-9351-4EC2-A207-23587487C7F3}.Debug|Any CPU.Build.0 = Debug|Any CPU
		{162621F9-9351-4EC2-A207-23587487C7F3}.Release|Any CPU.ActiveCfg = Release|Any CPU
		{162621F9-9351-4EC2-A207-23587487C7F3}.Release|Any CPU.Build.0 = Release|Any CPU
	EndGlobalSection
	GlobalSection(SolutionProperties) = preSolution
		HideSolutionNode = FALSE
	EndGlobalSection
	GlobalSection(NestedProjects) = preSolution
		{EEBD1370-1499-4469-9404-D3F64DAFAFCD} = {5C3C06D3-6C26-4838-BF49-27B5A5818157}
		{B6BA83E7-F4C8-482C-81FD-6A4DA75EC321} = {5C3C06D3-6C26-4838-BF49-27B5A5818157}
		{0AE8A614-2CB8-43ED-AF58-92E9F740595E} = {5C3C06D3-6C26-4838-BF49-27B5A5818157}
		{9B69F070-0926-4B03-A173-6A5287143ED4} = {5C3C06D3-6C26-4838-BF49-27B5A5818157}
		{1B1F0212-C5F0-4B9A-9CCF-9C9F83897B6C} = {5C3C06D3-6C26-4838-BF49-27B5A5818157}
		{01E1ACEE-4EB3-41CD-940E-CB63CB838D26} = {40D046BE-36B9-4946-A2C9-1B2A4FA298F3}
		{33083FBD-9585-4FBB-B9FF-48B18252F3A6} = {40D046BE-36B9-4946-A2C9-1B2A4FA298F3}
		{CB8F83DE-E0EC-41A8-801D-FD90347C9A55} = {40D046BE-36B9-4946-A2C9-1B2A4FA298F3}
		{6DE49E40-D235-415F-BEC0-650D1BAB5191} = {CF360AC1-D584-4D57-87E9-2FED3046F53F}
		{6F28BFDE-1EDF-46CB-AAAD-73A39AC0CC69} = {CF360AC1-D584-4D57-87E9-2FED3046F53F}
		{A9B84644-185B-42ED-961D-9AFEB4F61ABE} = {CF360AC1-D584-4D57-87E9-2FED3046F53F}
		{81283EF5-D6E1-430A-A91E-89E57A8B3B54} = {2FA598B8-8405-4979-A311-A3BB58D63DE5}
		{987DC1DB-E6CF-4A51-B992-E19A634C1B71} = {2FA598B8-8405-4979-A311-A3BB58D63DE5}
		{0322FF90-E8B0-4BC9-9096-CA8F28F30E7E} = {2FA598B8-8405-4979-A311-A3BB58D63DE5}
		{27532A6C-0630-4C41-9E01-55862D356E43} = {75909AAF-D2FA-44BB-80EB-BFCE7F72083D}
		{5506F5C3-1DBA-4ABB-9005-8352C6236985} = {75909AAF-D2FA-44BB-80EB-BFCE7F72083D}
		{CC100496-D70E-473B-8DA3-F6569F55A313} = {75909AAF-D2FA-44BB-80EB-BFCE7F72083D}
		{CA87FA43-9374-4E65-A453-79931BB37479} = {75909AAF-D2FA-44BB-80EB-BFCE7F72083D}
		{798F0E4A-9487-47C0-986F-291FA6127C53} = {75909AAF-D2FA-44BB-80EB-BFCE7F72083D}
		{2FF5BE21-3841-4E3E-8F05-89F23D444E0B} = {75909AAF-D2FA-44BB-80EB-BFCE7F72083D}
		{007AE095-01C8-40E6-921B-1F63716E8182} = {75909AAF-D2FA-44BB-80EB-BFCE7F72083D}
		{DC527498-FA4C-4ED2-BF24-7B3BA27BBF7D} = {75909AAF-D2FA-44BB-80EB-BFCE7F72083D}
		{4FB1DC71-42B2-45CC-B8D8-11F74E2FE469} = {A4F53536-CD5E-4732-B02E-6A99E4E5CD0E}
		{6239DE9E-2EB2-423F-A317-B20D488072F6} = {777BEB4E-75AF-49FC-AB47-3CDAF88168F7}
		{21C6C3C6-8979-40EE-9F1F-32FDE5852D26} = {A6B75CB3-F770-45C5-8CE1-E7E525A2BDB7}
		{8DB9342E-40A2-4553-A328-9A155FE2A4F2} = {780709D2-AE57-4FF7-978A-87C470FFBBDA}
		{F0D60091-6D28-4125-B459-AD161B4F59EC} = {780709D2-AE57-4FF7-978A-87C470FFBBDA}
		{112714FA-015B-4B52-9FC4-EF55EC26F3DF} = {780709D2-AE57-4FF7-978A-87C470FFBBDA}
		{9B7F11E3-0D86-4573-9AD2-1DCEAA25DB9A} = {89275E90-3C1A-4DE7-8BF9-7FA1D5A6556F}
		{1C3131BB-9EDF-4059-88DA-CC53800077A6} = {89275E90-3C1A-4DE7-8BF9-7FA1D5A6556F}
		{C102BCED-CECC-4A7B-BB61-AFF91A2D2F40} = {89275E90-3C1A-4DE7-8BF9-7FA1D5A6556F}
		{4B4B323A-2DB9-422B-934A-BF814F7865C9} = {0C967E15-28D8-4C62-AE1C-B40B114695EA}
		{B0EA8B8D-FF17-41EB-A97F-4FE42FB219E5} = {0C967E15-28D8-4C62-AE1C-B40B114695EA}
		{097F45AD-29B8-40EE-884D-D53FC97C06A7} = {9A33C66B-B8FD-4DA0-B736-A8833C31CF0C}
		{5EC1434E-44A6-4565-A7D7-9F2EBCE7671A} = {9A33C66B-B8FD-4DA0-B736-A8833C31CF0C}
		{47092D98-85B9-476F-AEA4-D240F66E9E74} = {39DCA00D-A6FC-4388-9D82-FAA42E36C748}
		{824E21CE-DF48-49D8-A741-3941EBA77384} = {39DCA00D-A6FC-4388-9D82-FAA42E36C748}
		{3BC9FC05-CC5D-4758-8835-3A131406DBE4} = {64C57692-A978-441B-AC8C-4F13A29CEEC8}
		{7F356791-4532-4AC4-B9A1-0B97F9192279} = {7D915BDA-3B4E-4E56-9A78-EB4C924D90A3}
		{C7FFBF44-D5F3-4320-B56B-4BFC29D35848} = {7D915BDA-3B4E-4E56-9A78-EB4C924D90A3}
		{162621F9-9351-4EC2-A207-23587487C7F3} = {7D915BDA-3B4E-4E56-9A78-EB4C924D90A3}
	EndGlobalSection
	GlobalSection(ExtensibilityGlobals) = postSolution
		SolutionGuid = {2F24F730-EE1B-4D8E-86DA-E1EC27CB103B}
	EndGlobalSection
EndGlobal
