
Microsoft Visual Studio Solution File, Format Version 12.00
# Visual Studio 15
VisualStudioVersion = 15.0.26730.12
MinimumVisualStudioVersion = 10.0.40219.1
Project("{FAE04EC0-301F-11D3-BF4B-00C04F79EFBC}") = "MultiplierTestsLib", "MultiplierTestsLib\MultiplierTestsLib.csproj", "{D9D6D3E4-C947-4279-B287-BB7907775DF0}"
EndProject
Project("{FAE04EC0-301F-11D3-BF4B-00C04F79EFBC}") = "MultiplierLib", "MultiplierLib\MultiplierLib.csproj", "{8F3F4306-916B-41DD-838A-B17CF0277AF6}"
EndProject
Project("{FAE04EC0-301F-11D3-BF4B-00C04F79EFBC}") = "Demo_01", "Demo_01\Demo_01.csproj", "{D90FAB8A-A7F0-4446-A2D7-CF942D2B9330}"
EndProject
Global
	GlobalSection(SolutionConfigurationPlatforms) = preSolution
		Debug|Any CPU = Debug|Any CPU
		Release|Any CPU = Release|Any CPU
	EndGlobalSection
	GlobalSection(ProjectConfigurationPlatforms) = postSolution
		{D9D6D3E4-C947-4279-B287-BB7907775DF0}.Debug|Any CPU.ActiveCfg = Debug|Any CPU
		{D9D6D3E4-C947-4279-B287-BB7907775DF0}.Debug|Any CPU.Build.0 = Debug|Any CPU
		{D9D6D3E4-C947-4279-B287-BB7907775DF0}.Release|Any CPU.ActiveCfg = Release|Any CPU
		{D9D6D3E4-C947-4279-B287-BB7907775DF0}.Release|Any CPU.Build.0 = Release|Any CPU
		{8F3F4306-916B-41DD-838A-B17CF0277AF6}.Debug|Any CPU.ActiveCfg = Debug|Any CPU
		{8F3F4306-916B-41DD-838A-B17CF0277AF6}.Debug|Any CPU.Build.0 = Debug|Any CPU
		{8F3F4306-916B-41DD-838A-B17CF0277AF6}.Release|Any CPU.ActiveCfg = Release|Any CPU
		{8F3F4306-916B-41DD-838A-B17CF0277AF6}.Release|Any CPU.Build.0 = Release|Any CPU
		{D90FAB8A-A7F0-4446-A2D7-CF942D2B9330}.Debug|Any CPU.ActiveCfg = Debug|Any CPU
		{D90FAB8A-A7F0-4446-A2D7-CF942D2B9330}.Debug|Any CPU.Build.0 = Debug|Any CPU
		{D90FAB8A-A7F0-4446-A2D7-CF942D2B9330}.Release|Any CPU.ActiveCfg = Release|Any CPU
		{D90FAB8A-A7F0-4446-A2D7-CF942D2B9330}.Release|Any CPU.Build.0 = Release|Any CPU
	EndGlobalSection
	GlobalSection(SolutionProperties) = preSolution
		HideSolutionNode = FALSE
	EndGlobalSection
	GlobalSection(ExtensibilityGlobals) = postSolution
		SolutionGuid = {2F24F730-EE1B-4D8E-86DA-E1EC27CB103B}
	EndGlobalSection
EndGlobal
